
Microsoft Visual Studio Solution File, Format Version 12.00
# Visual Studio Version 17
VisualStudioVersion = 17.8.34309.116
MinimumVisualStudioVersion = 10.0.40219.1
Project("{FAE04EC0-301F-11D3-BF4B-00C04F79EFBC}") = "PrcaticTask", "PrcaticTask\PrcaticTask.csproj", "{049588F3-953F-46D9-A352-36080895290F}"
EndProject
Global
	GlobalSection(SolutionConfigurationPlatforms) = preSolution
		Debug|Any CPU = Debug|Any CPU
		Release|Any CPU = Release|Any CPU
	EndGlobalSection
	GlobalSection(ProjectConfigurationPlatforms) = postSolution
		{049588F3-953F-46D9-A352-36080895290F}.Debug|Any CPU.ActiveCfg = Debug|Any CPU
		{049588F3-953F-46D9-A352-36080895290F}.Debug|Any CPU.Build.0 = Debug|Any CPU
		{049588F3-953F-46D9-A352-36080895290F}.Release|Any CPU.ActiveCfg = Release|Any CPU
		{049588F3-953F-46D9-A352-36080895290F}.Release|Any CPU.Build.0 = Release|Any CPU
	EndGlobalSection
	GlobalSection(SolutionProperties) = preSolution
		HideSolutionNode = FALSE
	EndGlobalSection
	GlobalSection(ExtensibilityGlobals) = postSolution
		SolutionGuid = {670145DF-DF27-4B7D-AAD6-ACF0A1119999}
	EndGlobalSection
EndGlobal
